// !$*UTF8*$!
{
	archiveVersion = 1;
	classes = {
	};
	objectVersion = 56;
	objects = {

/* Begin PBXBuildFile section */
		AA176F1D2BFE53900045A625 /* CDTeam+CoreDataClass.swift in Sources */ = {isa = PBXBuildFile; fileRef = AA176F192BFE53900045A625 /* CDTeam+CoreDataClass.swift */; };
		AA176F1E2BFE53900045A625 /* CDTeam+CoreDataProperties.swift in Sources */ = {isa = PBXBuildFile; fileRef = AA176F1A2BFE53900045A625 /* CDTeam+CoreDataProperties.swift */; };
		AA176F1F2BFE53900045A625 /* CDPlayer+CoreDataClass.swift in Sources */ = {isa = PBXBuildFile; fileRef = AA176F1B2BFE53900045A625 /* CDPlayer+CoreDataClass.swift */; };
		AA176F202BFE53900045A625 /* CDPlayer+CoreDataProperties.swift in Sources */ = {isa = PBXBuildFile; fileRef = AA176F1C2BFE53900045A625 /* CDPlayer+CoreDataProperties.swift */; };
		AA176F252BFE5B450045A625 /* MyTeamsTableViewController.swift in Sources */ = {isa = PBXBuildFile; fileRef = AA176F242BFE5B450045A625 /* MyTeamsTableViewController.swift */; };
		AA18AD7D2BFD16E800773B72 /* Teammate.xcdatamodeld in Sources */ = {isa = PBXBuildFile; fileRef = AA18AD7B2BFD16E800773B72 /* Teammate.xcdatamodeld */; };
		AA18B8132BD312AB00438826 /* SquadPlayerViewCell.xib in Resources */ = {isa = PBXBuildFile; fileRef = AA18B8122BD312AB00438826 /* SquadPlayerViewCell.xib */; };
		AA18B8142BD312AB00438826 /* SquadPlayerViewCell.swift in Sources */ = {isa = PBXBuildFile; fileRef = AA18B8112BD312AB00438826 /* SquadPlayerViewCell.swift */; };
		AA70E5B12BD46B2C0057C12D /* UIViewControllerExtensions.swift in Sources */ = {isa = PBXBuildFile; fileRef = AA70E5B02BD46B2C0057C12D /* UIViewControllerExtensions.swift */; };
		AA727D1A2BD4221F00949DCC /* goalie.png in Resources */ = {isa = PBXBuildFile; fileRef = AA727D162BD4221F00949DCC /* goalie.png */; };
		AA727D1B2BD4221F00949DCC /* dribble.png in Resources */ = {isa = PBXBuildFile; fileRef = AA727D172BD4221F00949DCC /* dribble.png */; };
		AA727D1C2BD4221F00949DCC /* defence.png in Resources */ = {isa = PBXBuildFile; fileRef = AA727D182BD4221F00949DCC /* defence.png */; };
		AA727D1D2BD4221F00949DCC /* foul.png in Resources */ = {isa = PBXBuildFile; fileRef = AA727D192BD4221F00949DCC /* foul.png */; };
		AA727D1F2BD44B0600949DCC /* 198760.jpg in Resources */ = {isa = PBXBuildFile; fileRef = AA727D1E2BD44B0600949DCC /* 198760.jpg */; };
		AA727D222BD44D3A00949DCC /* UIViewExtensions.swift in Sources */ = {isa = PBXBuildFile; fileRef = AA727D212BD44D3A00949DCC /* UIViewExtensions.swift */; };
		AA727D242BD4573E00949DCC /* 283948.jpg in Resources */ = {isa = PBXBuildFile; fileRef = AA727D232BD4573E00949DCC /* 283948.jpg */; };
		AA727D262BD45BDC00949DCC /* PlayerMatchesResult.swift in Sources */ = {isa = PBXBuildFile; fileRef = AA727D252BD45BDC00949DCC /* PlayerMatchesResult.swift */; };
		AAA22BD82BD1AADE0062E2A5 /* AppDelegate.swift in Sources */ = {isa = PBXBuildFile; fileRef = AAA22BD72BD1AADE0062E2A5 /* AppDelegate.swift */; };
		AAA22BDA2BD1AADE0062E2A5 /* SceneDelegate.swift in Sources */ = {isa = PBXBuildFile; fileRef = AAA22BD92BD1AADE0062E2A5 /* SceneDelegate.swift */; };
		AAA22BDC2BD1AADE0062E2A5 /* ViewController.swift in Sources */ = {isa = PBXBuildFile; fileRef = AAA22BDB2BD1AADE0062E2A5 /* ViewController.swift */; };
		AAA22BDF2BD1AADE0062E2A5 /* Base in Resources */ = {isa = PBXBuildFile; fileRef = AAA22BDE2BD1AADE0062E2A5 /* Base */; };
		AAA22BE12BD1AADF0062E2A5 /* Assets.xcassets in Resources */ = {isa = PBXBuildFile; fileRef = AAA22BE02BD1AADF0062E2A5 /* Assets.xcassets */; };
		AAA22BE42BD1AADF0062E2A5 /* Base in Resources */ = {isa = PBXBuildFile; fileRef = AAA22BE32BD1AADF0062E2A5 /* Base */; };
		AAA22BEE2BD1B4500062E2A5 /* Team.swift in Sources */ = {isa = PBXBuildFile; fileRef = AAA22BED2BD1B4500062E2A5 /* Team.swift */; };
		AAA22BF02BD1B4B10062E2A5 /* SquadPlayer.swift in Sources */ = {isa = PBXBuildFile; fileRef = AAA22BEF2BD1B4B10062E2A5 /* SquadPlayer.swift */; };
		AAA22BF22BD1B5290062E2A5 /* APIFootballClient.swift in Sources */ = {isa = PBXBuildFile; fileRef = AAA22BF12BD1B5290062E2A5 /* APIFootballClient.swift */; };
		AAA22BFA2BD1BCA80062E2A5 /* PlayersViewController.swift in Sources */ = {isa = PBXBuildFile; fileRef = AAA22BF92BD1BCA80062E2A5 /* PlayersViewController.swift */; };
		AAF8FB1F2BD39D980026F2CE /* goalkeeper-50.png in Resources */ = {isa = PBXBuildFile; fileRef = AAF8FB1E2BD39D980026F2CE /* goalkeeper-50.png */; };
		AAF8FB212BD3AC310026F2CE /* PlayerViewController.swift in Sources */ = {isa = PBXBuildFile; fileRef = AAF8FB202BD3AC310026F2CE /* PlayerViewController.swift */; };
		AAF8FB232BD3AD090026F2CE /* Area.swift in Sources */ = {isa = PBXBuildFile; fileRef = AAF8FB222BD3AD090026F2CE /* Area.swift */; };
		AAF8FB252BD3AD4F0026F2CE /* Competition.swift in Sources */ = {isa = PBXBuildFile; fileRef = AAF8FB242BD3AD4F0026F2CE /* Competition.swift */; };
		AAF8FB272BD3ADFE0026F2CE /* Player.swift in Sources */ = {isa = PBXBuildFile; fileRef = AAF8FB262BD3ADFE0026F2CE /* Player.swift */; };
		AAF8FB292BD3C5570026F2CE /* PlayerWebViewController.swift in Sources */ = {isa = PBXBuildFile; fileRef = AAF8FB282BD3C5570026F2CE /* PlayerWebViewController.swift */; };
		AAF8FB2B2BD3E2710026F2CE /* TeamItem.swift in Sources */ = {isa = PBXBuildFile; fileRef = AAF8FB2A2BD3E2710026F2CE /* TeamItem.swift */; };
		AAF8FB2E2BD3E2AE0026F2CE /* TeamParser.swift in Sources */ = {isa = PBXBuildFile; fileRef = AAF8FB2D2BD3E2AE0026F2CE /* TeamParser.swift */; };
		AAF8FB312BD3E4AF0026F2CE /* teams.xml in Resources */ = {isa = PBXBuildFile; fileRef = AAF8FB302BD3E4AF0026F2CE /* teams.xml */; };
		AAF8FB342BD3ED040026F2CE /* TeamItemViewCell.xib in Resources */ = {isa = PBXBuildFile; fileRef = AAF8FB332BD3ED040026F2CE /* TeamItemViewCell.xib */; };
		AAF8FB352BD3ED040026F2CE /* TeamItemViewCell.swift in Sources */ = {isa = PBXBuildFile; fileRef = AAF8FB322BD3ED040026F2CE /* TeamItemViewCell.swift */; };
/* End PBXBuildFile section */

/* Begin PBXFileReference section */
		AA176F192BFE53900045A625 /* CDTeam+CoreDataClass.swift */ = {isa = PBXFileReference; lastKnownFileType = sourcecode.swift; path = "CDTeam+CoreDataClass.swift"; sourceTree = "<group>"; };
		AA176F1A2BFE53900045A625 /* CDTeam+CoreDataProperties.swift */ = {isa = PBXFileReference; lastKnownFileType = sourcecode.swift; path = "CDTeam+CoreDataProperties.swift"; sourceTree = "<group>"; };
		AA176F1B2BFE53900045A625 /* CDPlayer+CoreDataClass.swift */ = {isa = PBXFileReference; lastKnownFileType = sourcecode.swift; path = "CDPlayer+CoreDataClass.swift"; sourceTree = "<group>"; };
		AA176F1C2BFE53900045A625 /* CDPlayer+CoreDataProperties.swift */ = {isa = PBXFileReference; lastKnownFileType = sourcecode.swift; path = "CDPlayer+CoreDataProperties.swift"; sourceTree = "<group>"; };
		AA176F242BFE5B450045A625 /* MyTeamsTableViewController.swift */ = {isa = PBXFileReference; lastKnownFileType = sourcecode.swift; path = MyTeamsTableViewController.swift; sourceTree = "<group>"; };
		AA18AD7C2BFD16E800773B72 /* Teammate.xcdatamodel */ = {isa = PBXFileReference; lastKnownFileType = wrapper.xcdatamodel; path = Teammate.xcdatamodel; sourceTree = "<group>"; };
		AA18B8112BD312AB00438826 /* SquadPlayerViewCell.swift */ = {isa = PBXFileReference; lastKnownFileType = sourcecode.swift; path = SquadPlayerViewCell.swift; sourceTree = "<group>"; };
		AA18B8122BD312AB00438826 /* SquadPlayerViewCell.xib */ = {isa = PBXFileReference; lastKnownFileType = file.xib; path = SquadPlayerViewCell.xib; sourceTree = "<group>"; };
		AA70E5B02BD46B2C0057C12D /* UIViewControllerExtensions.swift */ = {isa = PBXFileReference; lastKnownFileType = sourcecode.swift; path = UIViewControllerExtensions.swift; sourceTree = "<group>"; };
		AA727D162BD4221F00949DCC /* goalie.png */ = {isa = PBXFileReference; lastKnownFileType = image.png; name = goalie.png; path = ../../../../../Downloads/goalie.png; sourceTree = "<group>"; };
		AA727D172BD4221F00949DCC /* dribble.png */ = {isa = PBXFileReference; lastKnownFileType = image.png; name = dribble.png; path = ../../../../../Downloads/dribble.png; sourceTree = "<group>"; };
		AA727D182BD4221F00949DCC /* defence.png */ = {isa = PBXFileReference; lastKnownFileType = image.png; name = defence.png; path = ../../../../../Downloads/defence.png; sourceTree = "<group>"; };
		AA727D192BD4221F00949DCC /* foul.png */ = {isa = PBXFileReference; lastKnownFileType = image.png; name = foul.png; path = ../../../../../Downloads/foul.png; sourceTree = "<group>"; };
		AA727D1E2BD44B0600949DCC /* 198760.jpg */ = {isa = PBXFileReference; lastKnownFileType = image.jpeg; name = 198760.jpg; path = ../../../../../Downloads/198760.jpg; sourceTree = "<group>"; };
		AA727D212BD44D3A00949DCC /* UIViewExtensions.swift */ = {isa = PBXFileReference; lastKnownFileType = sourcecode.swift; path = UIViewExtensions.swift; sourceTree = "<group>"; };
		AA727D232BD4573E00949DCC /* 283948.jpg */ = {isa = PBXFileReference; lastKnownFileType = image.jpeg; name = 283948.jpg; path = ../../../../../Downloads/283948.jpg; sourceTree = "<group>"; };
		AA727D252BD45BDC00949DCC /* PlayerMatchesResult.swift */ = {isa = PBXFileReference; lastKnownFileType = sourcecode.swift; path = PlayerMatchesResult.swift; sourceTree = "<group>"; };
		AAA22BD42BD1AADE0062E2A5 /* teammate.app */ = {isa = PBXFileReference; explicitFileType = wrapper.application; includeInIndex = 0; path = teammate.app; sourceTree = BUILT_PRODUCTS_DIR; };
		AAA22BD72BD1AADE0062E2A5 /* AppDelegate.swift */ = {isa = PBXFileReference; lastKnownFileType = sourcecode.swift; path = AppDelegate.swift; sourceTree = "<group>"; };
		AAA22BD92BD1AADE0062E2A5 /* SceneDelegate.swift */ = {isa = PBXFileReference; lastKnownFileType = sourcecode.swift; path = SceneDelegate.swift; sourceTree = "<group>"; };
		AAA22BDB2BD1AADE0062E2A5 /* ViewController.swift */ = {isa = PBXFileReference; lastKnownFileType = sourcecode.swift; path = ViewController.swift; sourceTree = "<group>"; };
		AAA22BDE2BD1AADE0062E2A5 /* Base */ = {isa = PBXFileReference; lastKnownFileType = file.storyboard; name = Base; path = Base.lproj/Main.storyboard; sourceTree = "<group>"; };
		AAA22BE02BD1AADF0062E2A5 /* Assets.xcassets */ = {isa = PBXFileReference; lastKnownFileType = folder.assetcatalog; path = Assets.xcassets; sourceTree = "<group>"; };
		AAA22BE32BD1AADF0062E2A5 /* Base */ = {isa = PBXFileReference; lastKnownFileType = file.storyboard; name = Base; path = Base.lproj/LaunchScreen.storyboard; sourceTree = "<group>"; };
		AAA22BE52BD1AADF0062E2A5 /* Info.plist */ = {isa = PBXFileReference; lastKnownFileType = text.plist.xml; path = Info.plist; sourceTree = "<group>"; };
		AAA22BED2BD1B4500062E2A5 /* Team.swift */ = {isa = PBXFileReference; lastKnownFileType = sourcecode.swift; path = Team.swift; sourceTree = "<group>"; };
		AAA22BEF2BD1B4B10062E2A5 /* SquadPlayer.swift */ = {isa = PBXFileReference; lastKnownFileType = sourcecode.swift; path = SquadPlayer.swift; sourceTree = "<group>"; };
		AAA22BF12BD1B5290062E2A5 /* APIFootballClient.swift */ = {isa = PBXFileReference; lastKnownFileType = sourcecode.swift; path = APIFootballClient.swift; sourceTree = "<group>"; };
		AAA22BF92BD1BCA80062E2A5 /* PlayersViewController.swift */ = {isa = PBXFileReference; lastKnownFileType = sourcecode.swift; path = PlayersViewController.swift; sourceTree = "<group>"; };
		AAF8FB1E2BD39D980026F2CE /* goalkeeper-50.png */ = {isa = PBXFileReference; lastKnownFileType = image.png; name = "goalkeeper-50.png"; path = "../../../../../Downloads/icons8-goalkeeper-with-net-ios-17-outlined/goalkeeper-50.png"; sourceTree = "<group>"; };
		AAF8FB202BD3AC310026F2CE /* PlayerViewController.swift */ = {isa = PBXFileReference; lastKnownFileType = sourcecode.swift; path = PlayerViewController.swift; sourceTree = "<group>"; };
		AAF8FB222BD3AD090026F2CE /* Area.swift */ = {isa = PBXFileReference; lastKnownFileType = sourcecode.swift; path = Area.swift; sourceTree = "<group>"; };
		AAF8FB242BD3AD4F0026F2CE /* Competition.swift */ = {isa = PBXFileReference; lastKnownFileType = sourcecode.swift; path = Competition.swift; sourceTree = "<group>"; };
		AAF8FB262BD3ADFE0026F2CE /* Player.swift */ = {isa = PBXFileReference; lastKnownFileType = sourcecode.swift; path = Player.swift; sourceTree = "<group>"; };
		AAF8FB282BD3C5570026F2CE /* PlayerWebViewController.swift */ = {isa = PBXFileReference; lastKnownFileType = sourcecode.swift; path = PlayerWebViewController.swift; sourceTree = "<group>"; };
		AAF8FB2A2BD3E2710026F2CE /* TeamItem.swift */ = {isa = PBXFileReference; lastKnownFileType = sourcecode.swift; path = TeamItem.swift; sourceTree = "<group>"; };
		AAF8FB2D2BD3E2AE0026F2CE /* TeamParser.swift */ = {isa = PBXFileReference; lastKnownFileType = sourcecode.swift; path = TeamParser.swift; sourceTree = "<group>"; };
		AAF8FB302BD3E4AF0026F2CE /* teams.xml */ = {isa = PBXFileReference; lastKnownFileType = text.xml; path = teams.xml; sourceTree = "<group>"; };
		AAF8FB322BD3ED040026F2CE /* TeamItemViewCell.swift */ = {isa = PBXFileReference; lastKnownFileType = sourcecode.swift; path = TeamItemViewCell.swift; sourceTree = "<group>"; };
		AAF8FB332BD3ED040026F2CE /* TeamItemViewCell.xib */ = {isa = PBXFileReference; lastKnownFileType = file.xib; path = TeamItemViewCell.xib; sourceTree = "<group>"; };
/* End PBXFileReference section */

/* Begin PBXFrameworksBuildPhase section */
		AAA22BD12BD1AADE0062E2A5 /* Frameworks */ = {
			isa = PBXFrameworksBuildPhase;
			buildActionMask = 2147483647;
			files = (
			);
			runOnlyForDeploymentPostprocessing = 0;
		};
/* End PBXFrameworksBuildPhase section */

/* Begin PBXGroup section */
		AA176F212BFE54590045A625 /* CDModels */ = {
			isa = PBXGroup;
			children = (
				AA176F192BFE53900045A625 /* CDTeam+CoreDataClass.swift */,
				AA176F1A2BFE53900045A625 /* CDTeam+CoreDataProperties.swift */,
				AA176F1B2BFE53900045A625 /* CDPlayer+CoreDataClass.swift */,
				AA176F1C2BFE53900045A625 /* CDPlayer+CoreDataProperties.swift */,
			);
			path = CDModels;
			sourceTree = "<group>";
		};
		AA727D202BD44D1B00949DCC /* Extensions */ = {
			isa = PBXGroup;
			children = (
				AA727D212BD44D3A00949DCC /* UIViewExtensions.swift */,
				AA70E5B02BD46B2C0057C12D /* UIViewControllerExtensions.swift */,
			);
			path = Extensions;
			sourceTree = "<group>";
		};
		AAA22BCB2BD1AADE0062E2A5 = {
			isa = PBXGroup;
			children = (
				AAA22BD62BD1AADE0062E2A5 /* teammate */,
				AAA22BD52BD1AADE0062E2A5 /* Products */,
			);
			sourceTree = "<group>";
		};
		AAA22BD52BD1AADE0062E2A5 /* Products */ = {
			isa = PBXGroup;
			children = (
				AAA22BD42BD1AADE0062E2A5 /* teammate.app */,
			);
			name = Products;
			sourceTree = "<group>";
		};
		AAA22BD62BD1AADE0062E2A5 /* teammate */ = {
			isa = PBXGroup;
			children = (
				AA176F212BFE54590045A625 /* CDModels */,
				AA727D202BD44D1B00949DCC /* Extensions */,
				AAF8FB2F2BD3E3A80026F2CE /* Resources */,
				AAF8FB2C2BD3E2930026F2CE /* Parsers */,
				AAF8FB1D2BD39CF80026F2CE /* Images */,
				AAA22BF62BD1B9170062E2A5 /* Views */,
				AAA22BF32BD1B6CD0062E2A5 /* Controllers */,
				AAA22BEC2BD1B4280062E2A5 /* Networking */,
				AAA22BEB2BD1B41B0062E2A5 /* Models */,
				AAA22BD72BD1AADE0062E2A5 /* AppDelegate.swift */,
				AAA22BD92BD1AADE0062E2A5 /* SceneDelegate.swift */,
				AAA22BDB2BD1AADE0062E2A5 /* ViewController.swift */,
				AAA22BDD2BD1AADE0062E2A5 /* Main.storyboard */,
				AAA22BE02BD1AADF0062E2A5 /* Assets.xcassets */,
				AAA22BE22BD1AADF0062E2A5 /* LaunchScreen.storyboard */,
				AAA22BE52BD1AADF0062E2A5 /* Info.plist */,
				AA18AD7B2BFD16E800773B72 /* Teammate.xcdatamodeld */,
			);
			path = teammate;
			sourceTree = "<group>";
		};
		AAA22BEB2BD1B41B0062E2A5 /* Models */ = {
			isa = PBXGroup;
			children = (
				AAA22BED2BD1B4500062E2A5 /* Team.swift */,
				AAA22BEF2BD1B4B10062E2A5 /* SquadPlayer.swift */,
				AAF8FB222BD3AD090026F2CE /* Area.swift */,
				AAF8FB242BD3AD4F0026F2CE /* Competition.swift */,
				AAF8FB262BD3ADFE0026F2CE /* Player.swift */,
				AAF8FB2A2BD3E2710026F2CE /* TeamItem.swift */,
				AA727D252BD45BDC00949DCC /* PlayerMatchesResult.swift */,
			);
			path = Models;
			sourceTree = "<group>";
		};
		AAA22BEC2BD1B4280062E2A5 /* Networking */ = {
			isa = PBXGroup;
			children = (
				AAA22BF12BD1B5290062E2A5 /* APIFootballClient.swift */,
			);
			path = Networking;
			sourceTree = "<group>";
		};
		AAA22BF32BD1B6CD0062E2A5 /* Controllers */ = {
			isa = PBXGroup;
			children = (
				AAA22BF92BD1BCA80062E2A5 /* PlayersViewController.swift */,
				AAF8FB202BD3AC310026F2CE /* PlayerViewController.swift */,
				AAF8FB282BD3C5570026F2CE /* PlayerWebViewController.swift */,
				AA176F242BFE5B450045A625 /* MyTeamsTableViewController.swift */,
			);
			path = Controllers;
			sourceTree = "<group>";
		};
		AAA22BF62BD1B9170062E2A5 /* Views */ = {
			isa = PBXGroup;
			children = (
				AA18B8112BD312AB00438826 /* SquadPlayerViewCell.swift */,
				AA18B8122BD312AB00438826 /* SquadPlayerViewCell.xib */,
				AAF8FB322BD3ED040026F2CE /* TeamItemViewCell.swift */,
				AAF8FB332BD3ED040026F2CE /* TeamItemViewCell.xib */,
			);
			path = Views;
			sourceTree = "<group>";
		};
		AAF8FB1D2BD39CF80026F2CE /* Images */ = {
			isa = PBXGroup;
			children = (
				AA727D232BD4573E00949DCC /* 283948.jpg */,
				AA727D1E2BD44B0600949DCC /* 198760.jpg */,
				AA727D182BD4221F00949DCC /* defence.png */,
				AA727D172BD4221F00949DCC /* dribble.png */,
				AA727D192BD4221F00949DCC /* foul.png */,
				AA727D162BD4221F00949DCC /* goalie.png */,
				AAF8FB1E2BD39D980026F2CE /* goalkeeper-50.png */,
			);
			path = Images;
			sourceTree = "<group>";
		};
		AAF8FB2C2BD3E2930026F2CE /* Parsers */ = {
			isa = PBXGroup;
			children = (
				AAF8FB2D2BD3E2AE0026F2CE /* TeamParser.swift */,
			);
			path = Parsers;
			sourceTree = "<group>";
		};
		AAF8FB2F2BD3E3A80026F2CE /* Resources */ = {
			isa = PBXGroup;
			children = (
				AAF8FB302BD3E4AF0026F2CE /* teams.xml */,
			);
			path = Resources;
			sourceTree = "<group>";
		};
/* End PBXGroup section */

/* Begin PBXNativeTarget section */
		AAA22BD32BD1AADE0062E2A5 /* teammate */ = {
			isa = PBXNativeTarget;
			buildConfigurationList = AAA22BE82BD1AADF0062E2A5 /* Build configuration list for PBXNativeTarget "teammate" */;
			buildPhases = (
				AAA22BD02BD1AADE0062E2A5 /* Sources */,
				AAA22BD12BD1AADE0062E2A5 /* Frameworks */,
				AAA22BD22BD1AADE0062E2A5 /* Resources */,
			);
			buildRules = (
			);
			dependencies = (
			);
			name = teammate;
			productName = teammate;
			productReference = AAA22BD42BD1AADE0062E2A5 /* teammate.app */;
			productType = "com.apple.product-type.application";
		};
/* End PBXNativeTarget section */

/* Begin PBXProject section */
		AAA22BCC2BD1AADE0062E2A5 /* Project object */ = {
			isa = PBXProject;
			attributes = {
				BuildIndependentTargetsInParallel = 1;
				LastSwiftUpdateCheck = 1530;
				LastUpgradeCheck = 1530;
				TargetAttributes = {
					AAA22BD32BD1AADE0062E2A5 = {
						CreatedOnToolsVersion = 15.3;
					};
				};
			};
			buildConfigurationList = AAA22BCF2BD1AADE0062E2A5 /* Build configuration list for PBXProject "teammate" */;
			compatibilityVersion = "Xcode 14.0";
			developmentRegion = en;
			hasScannedForEncodings = 0;
			knownRegions = (
				en,
				Base,
			);
			mainGroup = AAA22BCB2BD1AADE0062E2A5;
			productRefGroup = AAA22BD52BD1AADE0062E2A5 /* Products */;
			projectDirPath = "";
			projectRoot = "";
			targets = (
				AAA22BD32BD1AADE0062E2A5 /* teammate */,
			);
		};
/* End PBXProject section */

/* Begin PBXResourcesBuildPhase section */
		AAA22BD22BD1AADE0062E2A5 /* Resources */ = {
			isa = PBXResourcesBuildPhase;
			buildActionMask = 2147483647;
			files = (
				AAA22BE12BD1AADF0062E2A5 /* Assets.xcassets in Resources */,
				AAA22BE42BD1AADF0062E2A5 /* Base in Resources */,
				AAF8FB312BD3E4AF0026F2CE /* teams.xml in Resources */,
				AA727D1B2BD4221F00949DCC /* dribble.png in Resources */,
				AA727D1F2BD44B0600949DCC /* 198760.jpg in Resources */,
				AA727D1C2BD4221F00949DCC /* defence.png in Resources */,
				AAF8FB1F2BD39D980026F2CE /* goalkeeper-50.png in Resources */,
				AA727D1D2BD4221F00949DCC /* foul.png in Resources */,
				AA18B8132BD312AB00438826 /* SquadPlayerViewCell.xib in Resources */,
				AA727D242BD4573E00949DCC /* 283948.jpg in Resources */,
				AAA22BDF2BD1AADE0062E2A5 /* Base in Resources */,
				AA727D1A2BD4221F00949DCC /* goalie.png in Resources */,
				AAF8FB342BD3ED040026F2CE /* TeamItemViewCell.xib in Resources */,
			);
			runOnlyForDeploymentPostprocessing = 0;
		};
/* End PBXResourcesBuildPhase section */

/* Begin PBXSourcesBuildPhase section */
		AAA22BD02BD1AADE0062E2A5 /* Sources */ = {
			isa = PBXSourcesBuildPhase;
			buildActionMask = 2147483647;
			files = (
				AAF8FB252BD3AD4F0026F2CE /* Competition.swift in Sources */,
				AAF8FB292BD3C5570026F2CE /* PlayerWebViewController.swift in Sources */,
				AAF8FB352BD3ED040026F2CE /* TeamItemViewCell.swift in Sources */,
				AAF8FB232BD3AD090026F2CE /* Area.swift in Sources */,
				AAF8FB2E2BD3E2AE0026F2CE /* TeamParser.swift in Sources */,
				AAF8FB2B2BD3E2710026F2CE /* TeamItem.swift in Sources */,
				AAA22BEE2BD1B4500062E2A5 /* Team.swift in Sources */,
				AA70E5B12BD46B2C0057C12D /* UIViewControllerExtensions.swift in Sources */,
				AA727D262BD45BDC00949DCC /* PlayerMatchesResult.swift in Sources */,
				AAA22BFA2BD1BCA80062E2A5 /* PlayersViewController.swift in Sources */,
				AAF8FB272BD3ADFE0026F2CE /* Player.swift in Sources */,
				AA18B8142BD312AB00438826 /* SquadPlayerViewCell.swift in Sources */,
				AAA22BDC2BD1AADE0062E2A5 /* ViewController.swift in Sources */,
				AAA22BF22BD1B5290062E2A5 /* APIFootballClient.swift in Sources */,
				AAF8FB212BD3AC310026F2CE /* PlayerViewController.swift in Sources */,
				AAA22BF02BD1B4B10062E2A5 /* SquadPlayer.swift in Sources */,
				AA727D222BD44D3A00949DCC /* UIViewExtensions.swift in Sources */,
				AAA22BD82BD1AADE0062E2A5 /* AppDelegate.swift in Sources */,
				AA176F1D2BFE53900045A625 /* CDTeam+CoreDataClass.swift in Sources */,
				AA176F1E2BFE53900045A625 /* CDTeam+CoreDataProperties.swift in Sources */,
				AA176F252BFE5B450045A625 /* MyTeamsTableViewController.swift in Sources */,
				AA176F1F2BFE53900045A625 /* CDPlayer+CoreDataClass.swift in Sources */,
				AA176F202BFE53900045A625 /* CDPlayer+CoreDataProperties.swift in Sources */,
				AAA22BDA2BD1AADE0062E2A5 /* SceneDelegate.swift in Sources */,
				AA18AD7D2BFD16E800773B72 /* Teammate.xcdatamodeld in Sources */,
			);
			runOnlyForDeploymentPostprocessing = 0;
		};
/* End PBXSourcesBuildPhase section */

/* Begin PBXVariantGroup section */
		AAA22BDD2BD1AADE0062E2A5 /* Main.storyboard */ = {
			isa = PBXVariantGroup;
			children = (
				AAA22BDE2BD1AADE0062E2A5 /* Base */,
			);
			name = Main.storyboard;
			sourceTree = "<group>";
		};
		AAA22BE22BD1AADF0062E2A5 /* LaunchScreen.storyboard */ = {
			isa = PBXVariantGroup;
			children = (
				AAA22BE32BD1AADF0062E2A5 /* Base */,
			);
			name = LaunchScreen.storyboard;
			sourceTree = "<group>";
		};
/* End PBXVariantGroup section */

/* Begin XCBuildConfiguration section */
		AAA22BE62BD1AADF0062E2A5 /* Debug */ = {
			isa = XCBuildConfiguration;
			buildSettings = {
				ALWAYS_SEARCH_USER_PATHS = NO;
				ASSETCATALOG_COMPILER_GENERATE_SWIFT_ASSET_SYMBOL_EXTENSIONS = YES;
				CLANG_ANALYZER_NONNULL = YES;
				CLANG_ANALYZER_NUMBER_OBJECT_CONVERSION = YES_AGGRESSIVE;
				CLANG_CXX_LANGUAGE_STANDARD = "gnu++20";
				CLANG_ENABLE_MODULES = YES;
				CLANG_ENABLE_OBJC_ARC = YES;
				CLANG_ENABLE_OBJC_WEAK = YES;
				CLANG_WARN_BLOCK_CAPTURE_AUTORELEASING = YES;
				CLANG_WARN_BOOL_CONVERSION = YES;
				CLANG_WARN_COMMA = YES;
				CLANG_WARN_CONSTANT_CONVERSION = YES;
				CLANG_WARN_DEPRECATED_OBJC_IMPLEMENTATIONS = YES;
				CLANG_WARN_DIRECT_OBJC_ISA_USAGE = YES_ERROR;
				CLANG_WARN_DOCUMENTATION_COMMENTS = YES;
				CLANG_WARN_EMPTY_BODY = YES;
				CLANG_WARN_ENUM_CONVERSION = YES;
				CLANG_WARN_INFINITE_RECURSION = YES;
				CLANG_WARN_INT_CONVERSION = YES;
				CLANG_WARN_NON_LITERAL_NULL_CONVERSION = YES;
				CLANG_WARN_OBJC_IMPLICIT_RETAIN_SELF = YES;
				CLANG_WARN_OBJC_LITERAL_CONVERSION = YES;
				CLANG_WARN_OBJC_ROOT_CLASS = YES_ERROR;
				CLANG_WARN_QUOTED_INCLUDE_IN_FRAMEWORK_HEADER = YES;
				CLANG_WARN_RANGE_LOOP_ANALYSIS = YES;
				CLANG_WARN_STRICT_PROTOTYPES = YES;
				CLANG_WARN_SUSPICIOUS_MOVE = YES;
				CLANG_WARN_UNGUARDED_AVAILABILITY = YES_AGGRESSIVE;
				CLANG_WARN_UNREACHABLE_CODE = YES;
				CLANG_WARN__DUPLICATE_METHOD_MATCH = YES;
				COPY_PHASE_STRIP = NO;
				DEBUG_INFORMATION_FORMAT = dwarf;
				ENABLE_STRICT_OBJC_MSGSEND = YES;
				ENABLE_TESTABILITY = YES;
				ENABLE_USER_SCRIPT_SANDBOXING = YES;
				GCC_C_LANGUAGE_STANDARD = gnu17;
				GCC_DYNAMIC_NO_PIC = NO;
				GCC_NO_COMMON_BLOCKS = YES;
				GCC_OPTIMIZATION_LEVEL = 0;
				GCC_PREPROCESSOR_DEFINITIONS = (
					"DEBUG=1",
					"$(inherited)",
				);
				GCC_WARN_64_TO_32_BIT_CONVERSION = YES;
				GCC_WARN_ABOUT_RETURN_TYPE = YES_ERROR;
				GCC_WARN_UNDECLARED_SELECTOR = YES;
				GCC_WARN_UNINITIALIZED_AUTOS = YES_AGGRESSIVE;
				GCC_WARN_UNUSED_FUNCTION = YES;
				GCC_WARN_UNUSED_VARIABLE = YES;
				IPHONEOS_DEPLOYMENT_TARGET = 17.4;
				LOCALIZATION_PREFERS_STRING_CATALOGS = YES;
				MTL_ENABLE_DEBUG_INFO = INCLUDE_SOURCE;
				MTL_FAST_MATH = YES;
				ONLY_ACTIVE_ARCH = YES;
				SDKROOT = iphoneos;
				SWIFT_ACTIVE_COMPILATION_CONDITIONS = "DEBUG $(inherited)";
				SWIFT_OPTIMIZATION_LEVEL = "-Onone";
			};
			name = Debug;
		};
		AAA22BE72BD1AADF0062E2A5 /* Release */ = {
			isa = XCBuildConfiguration;
			buildSettings = {
				ALWAYS_SEARCH_USER_PATHS = NO;
				ASSETCATALOG_COMPILER_GENERATE_SWIFT_ASSET_SYMBOL_EXTENSIONS = YES;
				CLANG_ANALYZER_NONNULL = YES;
				CLANG_ANALYZER_NUMBER_OBJECT_CONVERSION = YES_AGGRESSIVE;
				CLANG_CXX_LANGUAGE_STANDARD = "gnu++20";
				CLANG_ENABLE_MODULES = YES;
				CLANG_ENABLE_OBJC_ARC = YES;
				CLANG_ENABLE_OBJC_WEAK = YES;
				CLANG_WARN_BLOCK_CAPTURE_AUTORELEASING = YES;
				CLANG_WARN_BOOL_CONVERSION = YES;
				CLANG_WARN_COMMA = YES;
				CLANG_WARN_CONSTANT_CONVERSION = YES;
				CLANG_WARN_DEPRECATED_OBJC_IMPLEMENTATIONS = YES;
				CLANG_WARN_DIRECT_OBJC_ISA_USAGE = YES_ERROR;
				CLANG_WARN_DOCUMENTATION_COMMENTS = YES;
				CLANG_WARN_EMPTY_BODY = YES;
				CLANG_WARN_ENUM_CONVERSION = YES;
				CLANG_WARN_INFINITE_RECURSION = YES;
				CLANG_WARN_INT_CONVERSION = YES;
				CLANG_WARN_NON_LITERAL_NULL_CONVERSION = YES;
				CLANG_WARN_OBJC_IMPLICIT_RETAIN_SELF = YES;
				CLANG_WARN_OBJC_LITERAL_CONVERSION = YES;
				CLANG_WARN_OBJC_ROOT_CLASS = YES_ERROR;
				CLANG_WARN_QUOTED_INCLUDE_IN_FRAMEWORK_HEADER = YES;
				CLANG_WARN_RANGE_LOOP_ANALYSIS = YES;
				CLANG_WARN_STRICT_PROTOTYPES = YES;
				CLANG_WARN_SUSPICIOUS_MOVE = YES;
				CLANG_WARN_UNGUARDED_AVAILABILITY = YES_AGGRESSIVE;
				CLANG_WARN_UNREACHABLE_CODE = YES;
				CLANG_WARN__DUPLICATE_METHOD_MATCH = YES;
				COPY_PHASE_STRIP = NO;
				DEBUG_INFORMATION_FORMAT = "dwarf-with-dsym";
				ENABLE_NS_ASSERTIONS = NO;
				ENABLE_STRICT_OBJC_MSGSEND = YES;
				ENABLE_USER_SCRIPT_SANDBOXING = YES;
				GCC_C_LANGUAGE_STANDARD = gnu17;
				GCC_NO_COMMON_BLOCKS = YES;
				GCC_WARN_64_TO_32_BIT_CONVERSION = YES;
				GCC_WARN_ABOUT_RETURN_TYPE = YES_ERROR;
				GCC_WARN_UNDECLARED_SELECTOR = YES;
				GCC_WARN_UNINITIALIZED_AUTOS = YES_AGGRESSIVE;
				GCC_WARN_UNUSED_FUNCTION = YES;
				GCC_WARN_UNUSED_VARIABLE = YES;
				IPHONEOS_DEPLOYMENT_TARGET = 17.4;
				LOCALIZATION_PREFERS_STRING_CATALOGS = YES;
				MTL_ENABLE_DEBUG_INFO = NO;
				MTL_FAST_MATH = YES;
				SDKROOT = iphoneos;
				SWIFT_COMPILATION_MODE = wholemodule;
				VALIDATE_PRODUCT = YES;
			};
			name = Release;
		};
		AAA22BE92BD1AADF0062E2A5 /* Debug */ = {
			isa = XCBuildConfiguration;
			buildSettings = {
				ASSETCATALOG_COMPILER_APPICON_NAME = AppIcon;
				ASSETCATALOG_COMPILER_GLOBAL_ACCENT_COLOR_NAME = AccentColor;
				CODE_SIGN_STYLE = Automatic;
				CURRENT_PROJECT_VERSION = 1;
				GENERATE_INFOPLIST_FILE = YES;
				INFOPLIST_FILE = teammate/Info.plist;
				INFOPLIST_KEY_UIApplicationSupportsIndirectInputEvents = YES;
				INFOPLIST_KEY_UILaunchStoryboardName = LaunchScreen;
				INFOPLIST_KEY_UIMainStoryboardFile = Main;
				INFOPLIST_KEY_UISupportedInterfaceOrientations_iPad = "UIInterfaceOrientationPortrait UIInterfaceOrientationPortraitUpsideDown UIInterfaceOrientationLandscapeLeft UIInterfaceOrientationLandscapeRight";
				INFOPLIST_KEY_UISupportedInterfaceOrientations_iPhone = "UIInterfaceOrientationPortrait UIInterfaceOrientationLandscapeLeft UIInterfaceOrientationLandscapeRight";
				LD_RUNPATH_SEARCH_PATHS = (
					"$(inherited)",
					"@executable_path/Frameworks",
				);
				MARKETING_VERSION = 1.0;
				PRODUCT_BUNDLE_IDENTIFIER = andrei.conoval.teammate;
				PRODUCT_NAME = "$(TARGET_NAME)";
				SWIFT_EMIT_LOC_STRINGS = YES;
				SWIFT_VERSION = 5.0;
				TARGETED_DEVICE_FAMILY = "1,2";
			};
			name = Debug;
		};
		AAA22BEA2BD1AADF0062E2A5 /* Release */ = {
			isa = XCBuildConfiguration;
			buildSettings = {
				ASSETCATALOG_COMPILER_APPICON_NAME = AppIcon;
				ASSETCATALOG_COMPILER_GLOBAL_ACCENT_COLOR_NAME = AccentColor;
				CODE_SIGN_STYLE = Automatic;
				CURRENT_PROJECT_VERSION = 1;
				GENERATE_INFOPLIST_FILE = YES;
				INFOPLIST_FILE = teammate/Info.plist;
				INFOPLIST_KEY_UIApplicationSupportsIndirectInputEvents = YES;
				INFOPLIST_KEY_UILaunchStoryboardName = LaunchScreen;
				INFOPLIST_KEY_UIMainStoryboardFile = Main;
				INFOPLIST_KEY_UISupportedInterfaceOrientations_iPad = "UIInterfaceOrientationPortrait UIInterfaceOrientationPortraitUpsideDown UIInterfaceOrientationLandscapeLeft UIInterfaceOrientationLandscapeRight";
				INFOPLIST_KEY_UISupportedInterfaceOrientations_iPhone = "UIInterfaceOrientationPortrait UIInterfaceOrientationLandscapeLeft UIInterfaceOrientationLandscapeRight";
				LD_RUNPATH_SEARCH_PATHS = (
					"$(inherited)",
					"@executable_path/Frameworks",
				);
				MARKETING_VERSION = 1.0;
				PRODUCT_BUNDLE_IDENTIFIER = andrei.conoval.teammate;
				PRODUCT_NAME = "$(TARGET_NAME)";
				SWIFT_EMIT_LOC_STRINGS = YES;
				SWIFT_VERSION = 5.0;
				TARGETED_DEVICE_FAMILY = "1,2";
			};
			name = Release;
		};
/* End XCBuildConfiguration section */

/* Begin XCConfigurationList section */
		AAA22BCF2BD1AADE0062E2A5 /* Build configuration list for PBXProject "teammate" */ = {
			isa = XCConfigurationList;
			buildConfigurations = (
				AAA22BE62BD1AADF0062E2A5 /* Debug */,
				AAA22BE72BD1AADF0062E2A5 /* Release */,
			);
			defaultConfigurationIsVisible = 0;
			defaultConfigurationName = Release;
		};
		AAA22BE82BD1AADF0062E2A5 /* Build configuration list for PBXNativeTarget "teammate" */ = {
			isa = XCConfigurationList;
			buildConfigurations = (
				AAA22BE92BD1AADF0062E2A5 /* Debug */,
				AAA22BEA2BD1AADF0062E2A5 /* Release */,
			);
			defaultConfigurationIsVisible = 0;
			defaultConfigurationName = Release;
		};
/* End XCConfigurationList section */

/* Begin XCVersionGroup section */
		AA18AD7B2BFD16E800773B72 /* Teammate.xcdatamodeld */ = {
			isa = XCVersionGroup;
			children = (
				AA18AD7C2BFD16E800773B72 /* Teammate.xcdatamodel */,
			);
			currentVersion = AA18AD7C2BFD16E800773B72 /* Teammate.xcdatamodel */;
			name = Teammate.xcdatamodeld;
			path = /Users/user256828/Desktop/PDA/teammate/teammate/Teammate.xcdatamodeld;
			sourceTree = "<group>";
			versionGroupType = wrapper.xcdatamodel;
		};
/* End XCVersionGroup section */
	};
	rootObject = AAA22BCC2BD1AADE0062E2A5 /* Project object */;
}
